
Microsoft Visual Studio Solution File, Format Version 12.00
# Visual Studio Version 16
VisualStudioVersion = 16.0.31624.102
MinimumVisualStudioVersion = 10.0.40219.1
Project("{FAE04EC0-301F-11D3-BF4B-00C04F79EFBC}") = "Inventario.GUI", "Inventario.GUI\Inventario.GUI.csproj", "{2B0DC615-E6C8-48C2-BE7D-495CC4702B1B}"
EndProject
Project("{FAE04EC0-301F-11D3-BF4B-00C04F79EFBC}") = "Inventario.GUI.Tests", "Inventario.GUI.Tests\Inventario.GUI.Tests.csproj", "{EFCAE9D9-49EB-40A5-B465-1BE171B8FF4C}"
EndProject
Project("{2150E333-8FDC-42A3-9474-1A3956D46DE8}") = "1. Plataforma", "1. Plataforma", "{9E298179-DCCE-4F3E-9607-C5218B494874}"
EndProject
Project("{2150E333-8FDC-42A3-9474-1A3956D46DE8}") = "2. Pruebas", "2. Pruebas", "{17000197-833A-4871-A146-1FEF2C0B2FA9}"
EndProject
Global
	GlobalSection(SolutionConfigurationPlatforms) = preSolution
		Debug|Any CPU = Debug|Any CPU
		Release|Any CPU = Release|Any CPU
	EndGlobalSection
	GlobalSection(ProjectConfigurationPlatforms) = postSolution
		{2B0DC615-E6C8-48C2-BE7D-495CC4702B1B}.Debug|Any CPU.ActiveCfg = Debug|Any CPU
		{2B0DC615-E6C8-48C2-BE7D-495CC4702B1B}.Debug|Any CPU.Build.0 = Debug|Any CPU
		{2B0DC615-E6C8-48C2-BE7D-495CC4702B1B}.Release|Any CPU.ActiveCfg = Release|Any CPU
		{2B0DC615-E6C8-48C2-BE7D-495CC4702B1B}.Release|Any CPU.Build.0 = Release|Any CPU
		{EFCAE9D9-49EB-40A5-B465-1BE171B8FF4C}.Debug|Any CPU.ActiveCfg = Debug|Any CPU
		{EFCAE9D9-49EB-40A5-B465-1BE171B8FF4C}.Debug|Any CPU.Build.0 = Debug|Any CPU
		{EFCAE9D9-49EB-40A5-B465-1BE171B8FF4C}.Release|Any CPU.ActiveCfg = Release|Any CPU
		{EFCAE9D9-49EB-40A5-B465-1BE171B8FF4C}.Release|Any CPU.Build.0 = Release|Any CPU
	EndGlobalSection
	GlobalSection(SolutionProperties) = preSolution
		HideSolutionNode = FALSE
	EndGlobalSection
	GlobalSection(NestedProjects) = preSolution
		{2B0DC615-E6C8-48C2-BE7D-495CC4702B1B} = {9E298179-DCCE-4F3E-9607-C5218B494874}
		{EFCAE9D9-49EB-40A5-B465-1BE171B8FF4C} = {17000197-833A-4871-A146-1FEF2C0B2FA9}
	EndGlobalSection
	GlobalSection(ExtensibilityGlobals) = postSolution
		SolutionGuid = {21CB530A-D20E-4E8C-8E89-A364F10CF068}
	EndGlobalSection
EndGlobal
